
Microsoft Visual Studio Solution File, Format Version 12.00
# Visual Studio Version 16
VisualStudioVersion = 16.0.29123.88
MinimumVisualStudioVersion = 10.0.40219.1
Project("{FAE04EC0-301F-11D3-BF4B-00C04F79EFBC}") = "selenium-ao", "selenium-ao\selenium-ao.csproj", "{1878064D-A31C-4D98-8D1E-A28AEA27CE19}"
EndProject
Global
	GlobalSection(SolutionConfigurationPlatforms) = preSolution
		Debug|Any CPU = Debug|Any CPU
		Release|Any CPU = Release|Any CPU
	EndGlobalSection
	GlobalSection(ProjectConfigurationPlatforms) = postSolution
		{1878064D-A31C-4D98-8D1E-A28AEA27CE19}.Debug|Any CPU.ActiveCfg = Debug|Any CPU
		{1878064D-A31C-4D98-8D1E-A28AEA27CE19}.Debug|Any CPU.Build.0 = Debug|Any CPU
		{1878064D-A31C-4D98-8D1E-A28AEA27CE19}.Release|Any CPU.ActiveCfg = Release|Any CPU
		{1878064D-A31C-4D98-8D1E-A28AEA27CE19}.Release|Any CPU.Build.0 = Release|Any CPU
	EndGlobalSection
	GlobalSection(SolutionProperties) = preSolution
		HideSolutionNode = FALSE
	EndGlobalSection
	GlobalSection(ExtensibilityGlobals) = postSolution
		SolutionGuid = {723AD1F5-FB05-4CE8-8337-250878491347}
	EndGlobalSection
EndGlobal
